Microsoft Visual Studio Solution File, Format Version 11.00
# Visual Studio 2008

Project("{6492F1FB-5B3A-0DF0-1ECF-C38FF9D315EC}") = "TempCloudRunner", "Assembly-CSharp.csproj", "{6240F322-E980-B2B0-F112-8055EA41455C}"
EndProject
Global
	GlobalSection(SolutionConfigurationPlatforms) = preSolution
		Debug|Any CPU = Debug|Any CPU
		Release|Any CPU = Release|Any CPU
	EndGlobalSection
	GlobalSection(ProjectConfigurationPlatforms) = postSolution
		{6240F322-E980-B2B0-F112-8055EA41455C}.Debug|Any CPU.ActiveCfg = Debug|Any CPU
		{6240F322-E980-B2B0-F112-8055EA41455C}.Debug|Any CPU.Build.0 = Debug|Any CPU
		{6240F322-E980-B2B0-F112-8055EA41455C}.Release|Any CPU.ActiveCfg = Release|Any CPU
		{6240F322-E980-B2B0-F112-8055EA41455C}.Release|Any CPU.Build.0 = Release|Any CPU
	EndGlobalSection
	GlobalSection(SolutionProperties) = preSolution
		HideSolutionNode = FALSE
	EndGlobalSection
	GlobalSection(MonoDevelopProperties) = preSolution
		StartupItem = Assembly-CSharp.csproj
	EndGlobalSection
EndGlobal
